
Microsoft Visual Studio Solution File, Format Version 12.00
# Visual Studio Version 17
VisualStudioVersion = 17.6.33815.320
MinimumVisualStudioVersion = 10.0.40219.1
Project("{2150E333-8FDC-42A3-9474-1A3956D46DE8}") = "Solution Items", "Solution Items", "{B58D1D33-EB3F-4336-93DE-AAA25C2631C5}"
	ProjectSection(SolutionItems) = preProject
		README.md = README.md
	EndProjectSection
EndProject
Project("{2150E333-8FDC-42A3-9474-1A3956D46DE8}") = "Prototypes", "Prototypes", "{C0393F6F-4BD4-4A2F-B319-4F0124AE9CD0}"
EndProject
Project("{9A19103F-16F7-4668-BE54-9A1E7A4F7556}") = "TheWatchers.Prototypes.OfflineEvent", "Prototypes\TheWatchers.Prototypes.OfflineEvent\TheWatchers.Prototypes.OfflineEvent.csproj", "{24000413-CF39-4860-B959-49BDD296B043}"
EndProject
Global
	GlobalSection(SolutionConfigurationPlatforms) = preSolution
		Debug|Any CPU = Debug|Any CPU
		Release|Any CPU = Release|Any CPU
	EndGlobalSection
	GlobalSection(ProjectConfigurationPlatforms) = postSolution
		{24000413-CF39-4860-B959-49BDD296B043}.Debug|Any CPU.ActiveCfg = Debug|Any CPU
		{24000413-CF39-4860-B959-49BDD296B043}.Debug|Any CPU.Build.0 = Debug|Any CPU
		{24000413-CF39-4860-B959-49BDD296B043}.Release|Any CPU.ActiveCfg = Release|Any CPU
		{24000413-CF39-4860-B959-49BDD296B043}.Release|Any CPU.Build.0 = Release|Any CPU
	EndGlobalSection
	GlobalSection(SolutionProperties) = preSolution
		HideSolutionNode = FALSE
	EndGlobalSection
	GlobalSection(NestedProjects) = preSolution
		{24000413-CF39-4860-B959-49BDD296B043} = {C0393F6F-4BD4-4A2F-B319-4F0124AE9CD0}
	EndGlobalSection
	GlobalSection(ExtensibilityGlobals) = postSolution
		SolutionGuid = {0AF116FE-8685-4C00-ABA0-4B72626D19D0}
	EndGlobalSection
EndGlobal
